
Microsoft Visual Studio Solution File, Format Version 12.00
# Visual Studio Version 16
VisualStudioVersion = 16.0.31005.135
MinimumVisualStudioVersion = 10.0.40219.1
Project("{FAE04EC0-301F-11D3-BF4B-00C04F79EFBC}") = "UserMaintenance", "UserMaintenance\UserMaintenance.csproj", "{0A735E45-52E2-4808-B321-397A2B995E2D}"
EndProject
Project("{FAE04EC0-301F-11D3-BF4B-00C04F79EFBC}") = "BVZNBXweek04", "BVZNBXweek04\BVZNBXweek04.csproj", "{B64CAC63-67F1-44AF-8BEE-92309A9DDF26}"
EndProject
Global
	GlobalSection(SolutionConfigurationPlatforms) = preSolution
		Debug|Any CPU = Debug|Any CPU
		Release|Any CPU = Release|Any CPU
	EndGlobalSection
	GlobalSection(ProjectConfigurationPlatforms) = postSolution
		{0A735E45-52E2-4808-B321-397A2B995E2D}.Debug|Any CPU.ActiveCfg = Debug|Any CPU
		{0A735E45-52E2-4808-B321-397A2B995E2D}.Debug|Any CPU.Build.0 = Debug|Any CPU
		{0A735E45-52E2-4808-B321-397A2B995E2D}.Release|Any CPU.ActiveCfg = Release|Any CPU
		{0A735E45-52E2-4808-B321-397A2B995E2D}.Release|Any CPU.Build.0 = Release|Any CPU
		{B64CAC63-67F1-44AF-8BEE-92309A9DDF26}.Debug|Any CPU.ActiveCfg = Debug|Any CPU
		{B64CAC63-67F1-44AF-8BEE-92309A9DDF26}.Debug|Any CPU.Build.0 = Debug|Any CPU
		{B64CAC63-67F1-44AF-8BEE-92309A9DDF26}.Release|Any CPU.ActiveCfg = Release|Any CPU
		{B64CAC63-67F1-44AF-8BEE-92309A9DDF26}.Release|Any CPU.Build.0 = Release|Any CPU
	EndGlobalSection
	GlobalSection(SolutionProperties) = preSolution
		HideSolutionNode = FALSE
	EndGlobalSection
	GlobalSection(ExtensibilityGlobals) = postSolution
		SolutionGuid = {91A13998-A952-4471-B937-3FEAE5FAFB12}
	EndGlobalSection
EndGlobal
